PODS:
  - CardsViewController (1.1.2)

DEPENDENCIES:
  - CardsViewController (from `../`)

EXTERNAL SOURCES:
  CardsViewController:
    :path: "../"

SPEC CHECKSUMS:
  CardsViewController: bd281bab5b4812cd6762637d5abecdbcfd9e31e0

PODFILE CHECKSUM: 39dc2c209cfb52439899e593f3dc1123e6de9e83

COCOAPODS: 1.11.2
