PODS:
  - CardsViewController (1.0.0)

DEPENDENCIES:
  - CardsViewController (from `../`)

EXTERNAL SOURCES:
  CardsViewController:
    :path: "../"

SPEC CHECKSUMS:
  CardsViewController: 7fb3db33c1f8320e00ed7b25ab11baedfbc3d80a

PODFILE CHECKSUM: 39dc2c209cfb52439899e593f3dc1123e6de9e83

COCOAPODS: 1.9.1
